// !$*UTF8*$!
{
	archiveVersion = 1;
	classes = {
	};
	objectVersion = 46;
	objects = {

/* Begin PBXBuildFile section */
		40B1E5EB1BC304C5004DE60A /* main.cpp in Sources */ = {isa = PBXBuildFile; fileRef = 40B1E5EA1BC304C5004DE60A /* main.cpp */; };
/* End PBXBuildFile section */

/* Begin PBXCopyFilesBuildPhase section */
		40B1E5E51BC304C5004DE60A /* CopyFiles */ = {
			isa = PBXCopyFilesBuildPhase;
			buildActionMask = 2147483647;
			dstPath = /usr/share/man/man1/;
			dstSubfolderSpec = 0;
			files = (
			);
			runOnlyForDeploymentPostprocessing = 1;
		};
/* End PBXCopyFilesBuildPhase section */

/* Begin PBXFileReference section */
		40B1E5E71BC304C5004DE60A /* TC2017_T3_A01021472 */ = {isa = PBXFileReference; explicitFileType = "compiled.mach-o.executable"; includeInIndex = 0; path = TC2017_T3_A01021472; sourceTree = BUILT_PRODUCTS_DIR; };
		40B1E5EA1BC304C5004DE60A /* main.cpp */ = {isa = PBXFileReference; lastKnownFileType = sourcecode.cpp.cpp; path = main.cpp; sourceTree = "<group>"; };
/* End PBXFileReference section */

/* Begin PBXFrameworksBuildPhase section */
		40B1E5E41BC304C5004DE60A /* Frameworks */ = {
			isa = PBXFrameworksBuildPhase;
			buildActionMask = 2147483647;
			files = (
			);
			runOnlyForDeploymentPostprocessing = 0;
		};
/* End PBXFrameworksBuildPhase section */

/* Begin PBXGroup section */
		40B1E5DE1BC304C5004DE60A = {
			isa = PBXGroup;
			children = (
				40B1E5E91BC304C5004DE60A /* TC2017_T3_A01021472 */,
				40B1E5E81BC304C5004DE60A /* Products */,
			);
			sourceTree = "<group>";
		};
		40B1E5E81BC304C5004DE60A /* Products */ = {
			isa = PBXGroup;
			children = (
				40B1E5E71BC304C5004DE60A /* TC2017_T3_A01021472 */,
			);
			name = Products;
			sourceTree = "<group>";
		};
		40B1E5E91BC304C5004DE60A /* TC2017_T3_A01021472 */ = {
			isa = PBXGroup;
			children = (
				40B1E5EA1BC304C5004DE60A /* main.cpp */,
			);
			path = TC2017_T3_A01021472;
			sourceTree = "<group>";
		};
/* End PBXGroup section */

/* Begin PBXNativeTarget section */
		40B1E5E61BC304C5004DE60A /* TC2017_T3_A01021472 */ = {
			isa = PBXNativeTarget;
			buildConfigurationList = 40B1E5EE1BC304C5004DE60A /* Build configuration list for PBXNativeTarget "TC2017_T3_A01021472" */;
			buildPhases = (
				40B1E5E31BC304C5004DE60A /* Sources */,
				40B1E5E41BC304C5004DE60A /* Frameworks */,
				40B1E5E51BC304C5004DE60A /* CopyFiles */,
			);
			buildRules = (
			);
			dependencies = (
			);
			name = TC2017_T3_A01021472;
			productName = TC2017_T3_A01021472;
			productReference = 40B1E5E71BC304C5004DE60A /* TC2017_T3_A01021472 */;
			productType = "com.apple.product-type.tool";
		};
/* End PBXNativeTarget section */

/* Begin PBXProject section */
		40B1E5DF1BC304C5004DE60A /* Project object */ = {
			isa = PBXProject;
			attributes = {
				LastUpgradeCheck = 0700;
				ORGANIZATIONNAME = "Catalina Peralta";
				TargetAttributes = {
					40B1E5E61BC304C5004DE60A = {
						CreatedOnToolsVersion = 7.0.1;
					};
				};
			};
			buildConfigurationList = 40B1E5E21BC304C5004DE60A /* Build configuration list for PBXProject "TC2017_T3_A01021472" */;
			compatibilityVersion = "Xcode 3.2";
			developmentRegion = English;
			hasScannedForEncodings = 0;
			knownRegions = (
				en,
			);
			mainGroup = 40B1E5DE1BC304C5004DE60A;
			productRefGroup = 40B1E5E81BC304C5004DE60A /* Products */;
			projectDirPath = "";
			projectRoot = "";
			targets = (
				40B1E5E61BC304C5004DE60A /* TC2017_T3_A01021472 */,
			);
		};
/* End PBXProject section */

/* Begin PBXSourcesBuildPhase section */
		40B1E5E31BC304C5004DE60A /* Sources */ = {
			isa = PBXSourcesBuildPhase;
			buildActionMask = 2147483647;
			files = (
				40B1E5EB1BC304C5004DE60A /* main.cpp in Sources */,
			);
			runOnlyForDeploymentPostprocessing = 0;
		};
/* End PBXSourcesBuildPhase section */

/* Begin XCBuildConfiguration section */
		40B1E5EC1BC304C5004DE60A /* Debug */ = {
			isa = XCBuildConfiguration;
			buildSettings = {
				ALWAYS_SEARCH_USER_PATHS = NO;
				CLANG_CXX_LANGUAGE_STANDARD = "gnu++0x";
				CLANG_CXX_LIBRARY = "libc++";
				CLANG_ENABLE_MODULES = YES;
				CLANG_ENABLE_OBJC_ARC = YES;
				CLANG_WARN_BOOL_CONVERSION = YES;
				CLANG_WARN_CONSTANT_CONVERSION = YES;
				CLANG_WARN_DIRECT_OBJC_ISA_USAGE = YES_ERROR;
				CLANG_WARN_EMPTY_BODY = YES;
				CLANG_WARN_ENUM_CONVERSION = YES;
				CLANG_WARN_INT_CONVERSION = YES;
				CLANG_WARN_OBJC_ROOT_CLASS = YES_ERROR;
				CLANG_WARN_UNREACHABLE_CODE = YES;
				CLANG_WARN__DUPLICATE_METHOD_MATCH = YES;
				COPY_PHASE_STRIP = NO;
				DEBUG_INFORMATION_FORMAT = dwarf;
				ENABLE_STRICT_OBJC_MSGSEND = YES;
				ENABLE_TESTABILITY = YES;
				GCC_C_LANGUAGE_STANDARD = gnu99;
				GCC_DYNAMIC_NO_PIC = NO;
				GCC_NO_COMMON_BLOCKS = YES;
				GCC_OPTIMIZATION_LEVEL = 0;
				GCC_PREPROCESSOR_DEFINITIONS = (
					"DEBUG=1",
					"$(inherited)",
				);
				GCC_WARN_64_TO_32_BIT_CONVERSION = YES;
				GCC_WARN_ABOUT_RETURN_TYPE = YES_ERROR;
				GCC_WARN_UNDECLARED_SELECTOR = YES;
				GCC_WARN_UNINITIALIZED_AUTOS = YES_AGGRESSIVE;
				GCC_WARN_UNUSED_FUNCTION = YES;
				GCC_WARN_UNUSED_VARIABLE = YES;
				MACOSX_DEPLOYMENT_TARGET = 10.10;
				MTL_ENABLE_DEBUG_INFO = YES;
				ONLY_ACTIVE_ARCH = YES;
				SDKROOT = macosx;
			};
			name = Debug;
		};
		40B1E5ED1BC304C5004DE60A /* Release */ = {
			isa = XCBuildConfiguration;
			buildSettings = {
				ALWAYS_SEARCH_USER_PATHS = NO;
				CLANG_CXX_LANGUAGE_STANDARD = "gnu++0x";
				CLANG_CXX_LIBRARY = "libc++";
				CLANG_ENABLE_MODULES = YES;
				CLANG_ENABLE_OBJC_ARC = YES;
				CLANG_WARN_BOOL_CONVERSION = YES;
				CLANG_WARN_CONSTANT_CONVERSION = YES;
				CLANG_WARN_DIRECT_OBJC_ISA_USAGE = YES_ERROR;
				CLANG_WARN_EMPTY_BODY = YES;
				CLANG_WARN_ENUM_CONVERSION = YES;
				CLANG_WARN_INT_CONVERSION = YES;
				CLANG_WARN_OBJC_ROOT_CLASS = YES_ERROR;
				CLANG_WARN_UNREACHABLE_CODE = YES;
				CLANG_WARN__DUPLICATE_METHOD_MATCH = YES;
				COPY_PHASE_STRIP = NO;
				DEBUG_INFORMATION_FORMAT = "dwarf-with-dsym";
				ENABLE_NS_ASSERTIONS = NO;
				ENABLE_STRICT_OBJC_MSGSEND = YES;
				GCC_C_LANGUAGE_STANDARD = gnu99;
				GCC_NO_COMMON_BLOCKS = YES;
				GCC_WARN_64_TO_32_BIT_CONVERSION = YES;
				GCC_WARN_ABOUT_RETURN_TYPE = YES_ERROR;
				GCC_WARN_UNDECLARED_SELECTOR = YES;
				GCC_WARN_UNINITIALIZED_AUTOS = YES_AGGRESSIVE;
				GCC_WARN_UNUSED_FUNCTION = YES;
				GCC_WARN_UNUSED_VARIABLE = YES;
				MACOSX_DEPLOYMENT_TARGET = 10.10;
				MTL_ENABLE_DEBUG_INFO = NO;
				SDKROOT = macosx;
			};
			name = Release;
		};
		40B1E5EF1BC304C5004DE60A /* Debug */ = {
			isa = XCBuildConfiguration;
			buildSettings = {
				PRODUCT_NAME = "$(TARGET_NAME)";
			};
			name = Debug;
		};
		40B1E5F01BC304C5004DE60A /* Release */ = {
			isa = XCBuildConfiguration;
			buildSettings = {
				PRODUCT_NAME = "$(TARGET_NAME)";
			};
			name = Release;
		};
/* End XCBuildConfiguration section */

/* Begin XCConfigurationList section */
		40B1E5E21BC304C5004DE60A /* Build configuration list for PBXProject "TC2017_T3_A01021472" */ = {
			isa = XCConfigurationList;
			buildConfigurations = (
				40B1E5EC1BC304C5004DE60A /* Debug */,
				40B1E5ED1BC304C5004DE60A /* Release */,
			);
			defaultConfigurationIsVisible = 0;
			defaultConfigurationName = Release;
		};
		40B1E5EE1BC304C5004DE60A /* Build configuration list for PBXNativeTarget "TC2017_T3_A01021472" */ = {
			isa = XCConfigurationList;
			buildConfigurations = (
				40B1E5EF1BC304C5004DE60A /* Debug */,
				40B1E5F01BC304C5004DE60A /* Release */,
			);
			defaultConfigurationIsVisible = 0;
		};
/* End XCConfigurationList section */
	};
	rootObject = 40B1E5DF1BC304C5004DE60A /* Project object */;
}
